
Microsoft Visual Studio Solution File, Format Version 12.00
# Visual Studio 15
Project("{FAE04EC0-301F-11D3-BF4B-00C04F79EFBC}") = "Banking", "Banking.csproj", "{07EE9464-61BB-44AD-BF4F-BE4E5F398513}"
EndProject
Global
	GlobalSection(SolutionConfigurationPlatforms) = preSolution
		Debug|Any CPU = Debug|Any CPU
		Release|Any CPU = Release|Any CPU
	EndGlobalSection
	GlobalSection(ProjectConfigurationPlatforms) = postSolution
		{07EE9464-61BB-44AD-BF4F-BE4E5F398513}.Debug|Any CPU.ActiveCfg = Debug|Any CPU
		{07EE9464-61BB-44AD-BF4F-BE4E5F398513}.Debug|Any CPU.Build.0 = Debug|Any CPU
		{07EE9464-61BB-44AD-BF4F-BE4E5F398513}.Release|Any CPU.ActiveCfg = Release|Any CPU
		{07EE9464-61BB-44AD-BF4F-BE4E5F398513}.Release|Any CPU.Build.0 = Release|Any CPU
	EndGlobalSection
EndGlobal
